
Microsoft Visual Studio Solution File, Format Version 12.00
# Visual Studio Version 17
VisualStudioVersion = 17.7.34202.233
MinimumVisualStudioVersion = 10.0.40219.1
Project("{8BC9CEB8-8B4A-11D0-8D11-00A0C91BC942}") = "Countdown", "Countdown\Countdown.vcxproj", "{4080F5B6-E94B-40D6-A890-C54B09F5DB6C}"
EndProject
Project("{8BC9CEB8-8B4A-11D0-8D11-00A0C91BC942}") = "CountdownTests", "CountdownTests\CountdownTests.vcxproj", "{E643EF83-28AD-47EB-B4EB-746E3FCFB151}"
EndProject
Project("{8BC9CEB8-8B4A-11D0-8D11-00A0C91BC942}") = "CountdownDll", "CountdownDll\CountdownDll.vcxproj", "{FA9069EE-AF7F-4E5B-824F-F28BA4843AE2}"
EndProject
Project("{FAE04EC0-301F-11D3-BF4B-00C04F79EFBC}") = "Countdown.Model", "Countdown.Model\Countdown.Model.csproj", "{C13967D1-B0D4-4615-9B27-7DE9F41A4AC0}"
	ProjectSection(ProjectDependencies) = postProject
		{FA9069EE-AF7F-4E5B-824F-F28BA4843AE2} = {FA9069EE-AF7F-4E5B-824F-F28BA4843AE2}
	EndProjectSection
EndProject
Project("{FAE04EC0-301F-11D3-BF4B-00C04F79EFBC}") = "Countdown.UI", "Countdown.UI\Countdown.UI.csproj", "{25AB352A-25C0-4C80-8BA3-A7EC30BFE024}"
	ProjectSection(ProjectDependencies) = postProject
		{4080F5B6-E94B-40D6-A890-C54B09F5DB6C} = {4080F5B6-E94B-40D6-A890-C54B09F5DB6C}
	EndProjectSection
EndProject
Project("{FAE04EC0-301F-11D3-BF4B-00C04F79EFBC}") = "CountdownTestsCSharp", "CountdownTestCSharp\CountdownTestsCSharp.csproj", "{C7F6E013-D84D-43A8-A0CC-7BFA3CEEE407}"
EndProject
Project("{2150E333-8FDC-42A3-9474-1A3956D46DE8}") = "Solution Items", "Solution Items", "{FE2DD760-0190-4890-8B84-69F2320597E5}"
	ProjectSection(SolutionItems) = preProject
		README.md = README.md
	EndProjectSection
EndProject
Project("{2150E333-8FDC-42A3-9474-1A3956D46DE8}") = "images", "images", "{A6098650-CFA8-4763-BB8C-3825A6FC9AFF}"
	ProjectSection(SolutionItems) = preProject
		..\..\..\Desktop\conundrum.png = ..\..\..\Desktop\conundrum.png
		..\..\..\Desktop\letters.png = ..\..\..\Desktop\letters.png
		..\..\..\Desktop\numbers.png = ..\..\..\Desktop\numbers.png
	EndProjectSection
EndProject
Project("{2150E333-8FDC-42A3-9474-1A3956D46DE8}") = "webfrontend", "webfrontend", "{C103D39B-373E-44CB-BFB3-72FEAE9BB24D}"
EndProject
Global
	GlobalSection(SolutionConfigurationPlatforms) = preSolution
		Debug|x64 = Debug|x64
		Release|x64 = Release|x64
	EndGlobalSection
	GlobalSection(ProjectConfigurationPlatforms) = postSolution
		{4080F5B6-E94B-40D6-A890-C54B09F5DB6C}.Debug|x64.ActiveCfg = Release|x64
		{4080F5B6-E94B-40D6-A890-C54B09F5DB6C}.Debug|x64.Build.0 = Release|x64
		{4080F5B6-E94B-40D6-A890-C54B09F5DB6C}.Release|x64.ActiveCfg = Release|x64
		{4080F5B6-E94B-40D6-A890-C54B09F5DB6C}.Release|x64.Build.0 = Release|x64
		{E643EF83-28AD-47EB-B4EB-746E3FCFB151}.Debug|x64.ActiveCfg = Release|x64
		{E643EF83-28AD-47EB-B4EB-746E3FCFB151}.Debug|x64.Build.0 = Release|x64
		{E643EF83-28AD-47EB-B4EB-746E3FCFB151}.Release|x64.ActiveCfg = Release|x64
		{E643EF83-28AD-47EB-B4EB-746E3FCFB151}.Release|x64.Build.0 = Release|x64
		{FA9069EE-AF7F-4E5B-824F-F28BA4843AE2}.Debug|x64.ActiveCfg = Release|x64
		{FA9069EE-AF7F-4E5B-824F-F28BA4843AE2}.Debug|x64.Build.0 = Release|x64
		{FA9069EE-AF7F-4E5B-824F-F28BA4843AE2}.Release|x64.ActiveCfg = Release|x64
		{FA9069EE-AF7F-4E5B-824F-F28BA4843AE2}.Release|x64.Build.0 = Release|x64
		{C13967D1-B0D4-4615-9B27-7DE9F41A4AC0}.Debug|x64.ActiveCfg = Debug|x64
		{C13967D1-B0D4-4615-9B27-7DE9F41A4AC0}.Debug|x64.Build.0 = Debug|x64
		{C13967D1-B0D4-4615-9B27-7DE9F41A4AC0}.Release|x64.ActiveCfg = Release|x64
		{C13967D1-B0D4-4615-9B27-7DE9F41A4AC0}.Release|x64.Build.0 = Release|x64
		{25AB352A-25C0-4C80-8BA3-A7EC30BFE024}.Debug|x64.ActiveCfg = Debug|x64
		{25AB352A-25C0-4C80-8BA3-A7EC30BFE024}.Debug|x64.Build.0 = Debug|x64
		{25AB352A-25C0-4C80-8BA3-A7EC30BFE024}.Release|x64.ActiveCfg = Release|x64
		{25AB352A-25C0-4C80-8BA3-A7EC30BFE024}.Release|x64.Build.0 = Release|x64
		{C7F6E013-D84D-43A8-A0CC-7BFA3CEEE407}.Debug|x64.ActiveCfg = Debug|x64
		{C7F6E013-D84D-43A8-A0CC-7BFA3CEEE407}.Debug|x64.Build.0 = Debug|x64
		{C7F6E013-D84D-43A8-A0CC-7BFA3CEEE407}.Release|x64.ActiveCfg = Release|x64
		{C7F6E013-D84D-43A8-A0CC-7BFA3CEEE407}.Release|x64.Build.0 = Release|x64
	EndGlobalSection
	GlobalSection(SolutionProperties) = preSolution
		HideSolutionNode = FALSE
	EndGlobalSection
	GlobalSection(ExtensibilityGlobals) = postSolution
		SolutionGuid = {96FC3289-CAB8-4827-BF94-EA895035FF34}
	EndGlobalSection
EndGlobal
