
Microsoft Visual Studio Solution File, Format Version 12.00
# Visual Studio Version 17
VisualStudioVersion = 17.7.34202.233
MinimumVisualStudioVersion = 10.0.40219.1
Project("{8BC9CEB8-8B4A-11D0-8D11-00A0C91BC942}") = "Countdown", "Countdown\Countdown.vcxproj", "{4080F5B6-E94B-40D6-A890-C54B09F5DB6C}"
EndProject
Project("{8BC9CEB8-8B4A-11D0-8D11-00A0C91BC942}") = "CountdownTests", "CountdownTests\CountdownTests.vcxproj", "{E643EF83-28AD-47EB-B4EB-746E3FCFB151}"
EndProject
Project("{8BC9CEB8-8B4A-11D0-8D11-00A0C91BC942}") = "CountdownDll", "CountdownDll\CountdownDll.vcxproj", "{FA9069EE-AF7F-4E5B-824F-F28BA4843AE2}"
EndProject
Project("{FAE04EC0-301F-11D3-BF4B-00C04F79EFBC}") = "Countdown.Model", "Countdown.Model\Countdown.Model.csproj", "{C13967D1-B0D4-4615-9B27-7DE9F41A4AC0}"
	ProjectSection(ProjectDependencies) = postProject
		{FA9069EE-AF7F-4E5B-824F-F28BA4843AE2} = {FA9069EE-AF7F-4E5B-824F-F28BA4843AE2}
	EndProjectSection
EndProject
Project("{FAE04EC0-301F-11D3-BF4B-00C04F79EFBC}") = "Countdown.UI", "Countdown.UI\Countdown.UI.csproj", "{25AB352A-25C0-4C80-8BA3-A7EC30BFE024}"
	ProjectSection(ProjectDependencies) = postProject
		{4080F5B6-E94B-40D6-A890-C54B09F5DB6C} = {4080F5B6-E94B-40D6-A890-C54B09F5DB6C}
	EndProjectSection
EndProject
Project("{FAE04EC0-301F-11D3-BF4B-00C04F79EFBC}") = "CountdownTestsCSharp", "CountdownTestCSharp\CountdownTestsCSharp.csproj", "{C7F6E013-D84D-43A8-A0CC-7BFA3CEEE407}"
EndProject
Project("{2150E333-8FDC-42A3-9474-1A3956D46DE8}") = "Solution Items", "Solution Items", "{FE2DD760-0190-4890-8B84-69F2320597E5}"
	ProjectSection(SolutionItems) = preProject
		README.md = README.md
	EndProjectSection
EndProject
Project("{2150E333-8FDC-42A3-9474-1A3956D46DE8}") = "images", "images", "{A6098650-CFA8-4763-BB8C-3825A6FC9AFF}"
	ProjectSection(SolutionItems) = preProject
		..\..\..\Desktop\conundrum.png = ..\..\..\Desktop\conundrum.png
		..\..\..\Desktop\letters.png = ..\..\..\Desktop\letters.png
		..\..\..\Desktop\numbers.png = ..\..\..\Desktop\numbers.png
	EndProjectSection
EndProject
Project("{2150E333-8FDC-42A3-9474-1A3956D46DE8}") = "webbackend", "webbackend", "{0E4A288B-915D-45F6-B8A1-FE33C019C709}"
EndProject
Project("{9A19103F-16F7-4668-BE54-9A1E7A4F7556}") = "Countdown.Web", "Countdown.Web\Countdown.Web.csproj", "{C848B7B2-3AB8-4300-A731-58195E58E500}"
EndProject
Project("{E24C65DC-7377-472B-9ABA-BC803B73C61A}") = "webfrontend", "webfrontend\", "{43C0A8B8-290D-4532-A03D-AA4D8D04B5E4}"
	ProjectSection(WebsiteProperties) = preProject
		TargetFrameworkMoniker = ".NETFramework,Version%3Dv4.8"
		Debug.AspNetCompiler.VirtualPath = "/localhost_59589"
		Debug.AspNetCompiler.PhysicalPath = "webfrontend\"
		Debug.AspNetCompiler.TargetPath = "PrecompiledWeb\localhost_59589\"
		Debug.AspNetCompiler.Updateable = "true"
		Debug.AspNetCompiler.ForceOverwrite = "true"
		Debug.AspNetCompiler.FixedNames = "false"
		Debug.AspNetCompiler.Debug = "True"
		Release.AspNetCompiler.VirtualPath = "/localhost_59589"
		Release.AspNetCompiler.PhysicalPath = "webfrontend\"
		Release.AspNetCompiler.TargetPath = "PrecompiledWeb\localhost_59589\"
		Release.AspNetCompiler.Updateable = "true"
		Release.AspNetCompiler.ForceOverwrite = "true"
		Release.AspNetCompiler.FixedNames = "false"
		Release.AspNetCompiler.Debug = "False"
		VWDPort = "59589"
		SlnRelativePath = "webfrontend\"
	EndProjectSection
EndProject
Global
	GlobalSection(SolutionConfigurationPlatforms) = preSolution
		Debug|x64 = Debug|x64
		Release|x64 = Release|x64
	EndGlobalSection
	GlobalSection(ProjectConfigurationPlatforms) = postSolution
		{4080F5B6-E94B-40D6-A890-C54B09F5DB6C}.Debug|x64.ActiveCfg = Release|x64
		{4080F5B6-E94B-40D6-A890-C54B09F5DB6C}.Debug|x64.Build.0 = Release|x64
		{4080F5B6-E94B-40D6-A890-C54B09F5DB6C}.Release|x64.ActiveCfg = Release|x64
		{4080F5B6-E94B-40D6-A890-C54B09F5DB6C}.Release|x64.Build.0 = Release|x64
		{E643EF83-28AD-47EB-B4EB-746E3FCFB151}.Debug|x64.ActiveCfg = Release|x64
		{E643EF83-28AD-47EB-B4EB-746E3FCFB151}.Debug|x64.Build.0 = Release|x64
		{E643EF83-28AD-47EB-B4EB-746E3FCFB151}.Release|x64.ActiveCfg = Release|x64
		{E643EF83-28AD-47EB-B4EB-746E3FCFB151}.Release|x64.Build.0 = Release|x64
		{FA9069EE-AF7F-4E5B-824F-F28BA4843AE2}.Debug|x64.ActiveCfg = Release|x64
		{FA9069EE-AF7F-4E5B-824F-F28BA4843AE2}.Debug|x64.Build.0 = Release|x64
		{FA9069EE-AF7F-4E5B-824F-F28BA4843AE2}.Release|x64.ActiveCfg = Release|x64
		{FA9069EE-AF7F-4E5B-824F-F28BA4843AE2}.Release|x64.Build.0 = Release|x64
		{C13967D1-B0D4-4615-9B27-7DE9F41A4AC0}.Debug|x64.ActiveCfg = Debug|x64
		{C13967D1-B0D4-4615-9B27-7DE9F41A4AC0}.Debug|x64.Build.0 = Debug|x64
		{C13967D1-B0D4-4615-9B27-7DE9F41A4AC0}.Release|x64.ActiveCfg = Release|x64
		{C13967D1-B0D4-4615-9B27-7DE9F41A4AC0}.Release|x64.Build.0 = Release|x64
		{25AB352A-25C0-4C80-8BA3-A7EC30BFE024}.Debug|x64.ActiveCfg = Debug|x64
		{25AB352A-25C0-4C80-8BA3-A7EC30BFE024}.Debug|x64.Build.0 = Debug|x64
		{25AB352A-25C0-4C80-8BA3-A7EC30BFE024}.Release|x64.ActiveCfg = Release|x64
		{25AB352A-25C0-4C80-8BA3-A7EC30BFE024}.Release|x64.Build.0 = Release|x64
		{C7F6E013-D84D-43A8-A0CC-7BFA3CEEE407}.Debug|x64.ActiveCfg = Debug|x64
		{C7F6E013-D84D-43A8-A0CC-7BFA3CEEE407}.Debug|x64.Build.0 = Debug|x64
		{C7F6E013-D84D-43A8-A0CC-7BFA3CEEE407}.Release|x64.ActiveCfg = Release|x64
		{C7F6E013-D84D-43A8-A0CC-7BFA3CEEE407}.Release|x64.Build.0 = Release|x64
		{C848B7B2-3AB8-4300-A731-58195E58E500}.Debug|x64.ActiveCfg = Debug|x64
		{C848B7B2-3AB8-4300-A731-58195E58E500}.Debug|x64.Build.0 = Debug|x64
		{C848B7B2-3AB8-4300-A731-58195E58E500}.Release|x64.ActiveCfg = Release|x64
		{C848B7B2-3AB8-4300-A731-58195E58E500}.Release|x64.Build.0 = Release|x64
		{43C0A8B8-290D-4532-A03D-AA4D8D04B5E4}.Debug|x64.ActiveCfg = Debug|Any CPU
		{43C0A8B8-290D-4532-A03D-AA4D8D04B5E4}.Debug|x64.Build.0 = Debug|Any CPU
		{43C0A8B8-290D-4532-A03D-AA4D8D04B5E4}.Release|x64.ActiveCfg = Debug|Any CPU
		{43C0A8B8-290D-4532-A03D-AA4D8D04B5E4}.Release|x64.Build.0 = Debug|Any CPU
	EndGlobalSection
	GlobalSection(SolutionProperties) = preSolution
		HideSolutionNode = FALSE
	EndGlobalSection
	GlobalSection(NestedProjects) = preSolution
		{C848B7B2-3AB8-4300-A731-58195E58E500} = {0E4A288B-915D-45F6-B8A1-FE33C019C709}
	EndGlobalSection
	GlobalSection(ExtensibilityGlobals) = postSolution
		SolutionGuid = {96FC3289-CAB8-4827-BF94-EA895035FF34}
	EndGlobalSection
EndGlobal
