<?xml version="1.0" encoding="utf-8"?>
<Project ToolsVersion="4.0" xmlns="http://schemas.microsoft.com/developer/msbuild/2003">
  <ItemGroup>
    <Filter Include="Source Files">
      <UniqueIdentifier>{4FC737F1-C7A5-4376-A066-2A32D752A2FF}</UniqueIdentifier>
      <Extensions>cpp;c;cc;cxx;def;odl;idl;hpj;bat;asm;asmx</Extensions>
    </Filter>
    <Filter Include="Header Files">
      <UniqueIdentifier>{93995380-89BD-4b04-88EB-625FBE52EBFB}</UniqueIdentifier>
      <Extensions>h;hh;hpp;hxx;hm;inl;inc;ipp;xsd</Extensions>
    </Filter>
    <Filter Include="Resource Files">
      <UniqueIdentifier>{67DA6AB6-F800-4c08-8B7A-83BB121AAD01}</UniqueIdentifier>
      <Extensions>rc;ico;cur;bmp;dlg;rc2;rct;bin;rgs;gif;jpg;jpeg;jpe;resx;tiff;tif;png;wav;mfcribbon-ms</Extensions>
    </Filter>
  </ItemGroup>
  <ItemGroup>
    <ClInclude Include="AbstractGame.h">
      <Filter>Header Files</Filter>
    </ClInclude>
    <ClInclude Include="ComplexExpressionsGenerator.h">
      <Filter>Header Files</Filter>
    </ClInclude>
    <ClInclude Include="ConundrumGame.h">
      <Filter>Header Files</Filter>
    </ClInclude>
    <ClInclude Include="ExpressionsGenerator.h">
      <Filter>Header Files</Filter>
    </ClInclude>
    <ClInclude Include="GameRunner.h">
      <Filter>Header Files</Filter>
    </ClInclude>
    <ClInclude Include="IGame.h">
      <Filter>Header Files</Filter>
    </ClInclude>
    <ClInclude Include="IGenerator.h">
      <Filter>Header Files</Filter>
    </ClInclude>
    <ClInclude Include="Io.h">
      <Filter>Header Files</Filter>
    </ClInclude>
    <ClInclude Include="LettersGame.h">
      <Filter>Header Files</Filter>
    </ClInclude>
    <ClInclude Include="NumbersGame.h">
      <Filter>Header Files</Filter>
    </ClInclude>
    <ClInclude Include="NumbersGameUtils.h">
      <Filter>Header Files</Filter>
    </ClInclude>
    <ClInclude Include="ParenthesizedExpressionsGenerator.h">
      <Filter>Header Files</Filter>
    </ClInclude>
    <ClInclude Include="PermutationsGenerator.h">
      <Filter>Header Files</Filter>
    </ClInclude>
    <ClInclude Include="SimpleExpressionsGenerator.h">
      <Filter>Header Files</Filter>
    </ClInclude>
    <ClInclude Include="SubPermutationsGenerator.h">
      <Filter>Header Files</Filter>
    </ClInclude>
    <ClInclude Include="Timer.h">
      <Filter>Header Files</Filter>
    </ClInclude>
  </ItemGroup>
  <ItemGroup>
    <Text Include="consonants.txt">
      <Filter>Resource Files</Filter>
    </Text>
    <Text Include="UK_english_truncated.txt">
      <Filter>Resource Files</Filter>
    </Text>
    <Text Include="vowels.txt">
      <Filter>Resource Files</Filter>
    </Text>
  </ItemGroup>
  <ItemGroup>
    <ClCompile Include="ConundrumGame.cpp">
      <Filter>Source Files</Filter>
    </ClCompile>
    <ClCompile Include="Io.cpp">
      <Filter>Source Files</Filter>
    </ClCompile>
    <ClCompile Include="LettersGame.cpp">
      <Filter>Source Files</Filter>
    </ClCompile>
    <ClCompile Include="main.cpp">
      <Filter>Source Files</Filter>
    </ClCompile>
    <ClCompile Include="NumbersGame.cpp">
      <Filter>Source Files</Filter>
    </ClCompile>
    <ClCompile Include="NumbersGameUtils.cpp">
      <Filter>Source Files</Filter>
    </ClCompile>
  </ItemGroup>
</Project>